
Microsoft Visual Studio Solution File, Format Version 12.00
# Visual Studio Version 17
VisualStudioVersion = 17.1.32319.34
MinimumVisualStudioVersion = 10.0.40219.1
Project("{9A19103F-16F7-4668-BE54-9A1E7A4F7556}") = "EAAutoFramework", "EADotNetCoreProject\EAAutoFramework.csproj", "{FA3188AC-4B67-4A21-8D5F-E9C41A88CB52}"
EndProject
Project("{9A19103F-16F7-4668-BE54-9A1E7A4F7556}") = "CrossPlatformEATest", "CrossPlatformEATest\CrossPlatformEATest.csproj", "{6124621E-9445-4ECC-B83A-B85AE07C99DF}"
EndProject
Global
	GlobalSection(SolutionConfigurationPlatforms) = preSolution
		Debug|Any CPU = Debug|Any CPU
		Release|Any CPU = Release|Any CPU
	EndGlobalSection
	GlobalSection(ProjectConfigurationPlatforms) = postSolution
		{FA3188AC-4B67-4A21-8D5F-E9C41A88CB52}.Debug|Any CPU.ActiveCfg = Debug|Any CPU
		{FA3188AC-4B67-4A21-8D5F-E9C41A88CB52}.Debug|Any CPU.Build.0 = Debug|Any CPU
		{FA3188AC-4B67-4A21-8D5F-E9C41A88CB52}.Release|Any CPU.ActiveCfg = Release|Any CPU
		{FA3188AC-4B67-4A21-8D5F-E9C41A88CB52}.Release|Any CPU.Build.0 = Release|Any CPU
		{6124621E-9445-4ECC-B83A-B85AE07C99DF}.Debug|Any CPU.ActiveCfg = Debug|Any CPU
		{6124621E-9445-4ECC-B83A-B85AE07C99DF}.Debug|Any CPU.Build.0 = Debug|Any CPU
		{6124621E-9445-4ECC-B83A-B85AE07C99DF}.Release|Any CPU.ActiveCfg = Release|Any CPU
		{6124621E-9445-4ECC-B83A-B85AE07C99DF}.Release|Any CPU.Build.0 = Release|Any CPU
	EndGlobalSection
	GlobalSection(SolutionProperties) = preSolution
		HideSolutionNode = FALSE
	EndGlobalSection
	GlobalSection(ExtensibilityGlobals) = postSolution
		SolutionGuid = {17E53B3E-E30E-4A34-B2A6-6499FC72D298}
	EndGlobalSection
EndGlobal
